
Microsoft Visual Studio Solution File, Format Version 12.00
# Visual Studio 15
VisualStudioVersion = 15.0.27428.2011
MinimumVisualStudioVersion = 10.0.40219.1
Project("{FAE04EC0-301F-11D3-BF4B-00C04F79EFBC}") = "SolicitudesConstructor", "SolicitudesConstructor\SolicitudesConstructor.csproj", "{C5ECA93E-FA54-4542-ADAD-71FE17952333}"
EndProject
Global
	GlobalSection(SolutionConfigurationPlatforms) = preSolution
		Debug|Any CPU = Debug|Any CPU
		Release|Any CPU = Release|Any CPU
	EndGlobalSection
	GlobalSection(ProjectConfigurationPlatforms) = postSolution
		{C5ECA93E-FA54-4542-ADAD-71FE17952333}.Debug|Any CPU.ActiveCfg = Debug|Any CPU
		{C5ECA93E-FA54-4542-ADAD-71FE17952333}.Debug|Any CPU.Build.0 = Debug|Any CPU
		{C5ECA93E-FA54-4542-ADAD-71FE17952333}.Release|Any CPU.ActiveCfg = Release|Any CPU
		{C5ECA93E-FA54-4542-ADAD-71FE17952333}.Release|Any CPU.Build.0 = Release|Any CPU
	EndGlobalSection
	GlobalSection(SolutionProperties) = preSolution
		HideSolutionNode = FALSE
	EndGlobalSection
	GlobalSection(ExtensibilityGlobals) = postSolution
		SolutionGuid = {6807EE13-7B33-44AF-997A-9C07F00610E8}
	EndGlobalSection
EndGlobal
